
Microsoft Visual Studio Solution File, Format Version 12.00
# Visual Studio 15
VisualStudioVersion = 15.0.28010.2016
MinimumVisualStudioVersion = 10.0.40219.1
Project("{FAE04EC0-301F-11D3-BF4B-00C04F79EFBC}") = "Objetos_Por_Sockets", "Objetos_Por_Sockets\Objetos_Por_Sockets.csproj", "{90D2A183-CEB7-4BF9-9F42-F3B969299CF8}"
EndProject
Global
	GlobalSection(SolutionConfigurationPlatforms) = preSolution
		Debug|Any CPU = Debug|Any CPU
		Release|Any CPU = Release|Any CPU
	EndGlobalSection
	GlobalSection(ProjectConfigurationPlatforms) = postSolution
		{90D2A183-CEB7-4BF9-9F42-F3B969299CF8}.Debug|Any CPU.ActiveCfg = Debug|Any CPU
		{90D2A183-CEB7-4BF9-9F42-F3B969299CF8}.Debug|Any CPU.Build.0 = Debug|Any CPU
		{90D2A183-CEB7-4BF9-9F42-F3B969299CF8}.Release|Any CPU.ActiveCfg = Release|Any CPU
		{90D2A183-CEB7-4BF9-9F42-F3B969299CF8}.Release|Any CPU.Build.0 = Release|Any CPU
	EndGlobalSection
	GlobalSection(SolutionProperties) = preSolution
		HideSolutionNode = FALSE
	EndGlobalSection
	GlobalSection(ExtensibilityGlobals) = postSolution
		SolutionGuid = {29B0E4B2-1E53-4A61-8108-CFD2CF4986A4}
	EndGlobalSection
EndGlobal
